
Microsoft Visual Studio Solution File, Format Version 12.00
# Visual Studio Version 17
VisualStudioVersion = 17.6.33829.357
MinimumVisualStudioVersion = 10.0.40219.1
Project("{FAE04EC0-301F-11D3-BF4B-00C04F79EFBC}") = "AzureTableProject", "AzureTableProject.csproj", "{1BA6E2A9-8D93-4D6E-A02E-AD5C3770B56B}"
EndProject
Global
	GlobalSection(SolutionConfigurationPlatforms) = preSolution
		Debug|Any CPU = Debug|Any CPU
		Release|Any CPU = Release|Any CPU
	EndGlobalSection
	GlobalSection(ProjectConfigurationPlatforms) = postSolution
		{1BA6E2A9-8D93-4D6E-A02E-AD5C3770B56B}.Debug|Any CPU.ActiveCfg = Debug|Any CPU
		{1BA6E2A9-8D93-4D6E-A02E-AD5C3770B56B}.Debug|Any CPU.Build.0 = Debug|Any CPU
		{1BA6E2A9-8D93-4D6E-A02E-AD5C3770B56B}.Release|Any CPU.ActiveCfg = Release|Any CPU
		{1BA6E2A9-8D93-4D6E-A02E-AD5C3770B56B}.Release|Any CPU.Build.0 = Release|Any CPU
	EndGlobalSection
	GlobalSection(SolutionProperties) = preSolution
		HideSolutionNode = FALSE
	EndGlobalSection
	GlobalSection(ExtensibilityGlobals) = postSolution
		SolutionGuid = {DEAD1FDC-C95A-4EE9-9005-4D432711DB84}
	EndGlobalSection
EndGlobal
